
Microsoft Visual Studio Solution File, Format Version 11.00
# Visual Studio 2010
Project("{8BC9CEB8-8B4A-11D0-8D11-00A0C91BC942}") = "hw1", "hw1\hw1.vcxproj", "{9ABF7736-1A6D-4A1C-8513-3CF71A6B98B2}"
EndProject
Global
	GlobalSection(SolutionConfigurationPlatforms) = preSolution
		Debug|Win32 = Debug|Win32
		Release|Win32 = Release|Win32
	EndGlobalSection
	GlobalSection(ProjectConfigurationPlatforms) = postSolution
		{9ABF7736-1A6D-4A1C-8513-3CF71A6B98B2}.Debug|Win32.ActiveCfg = Debug|Win32
		{9ABF7736-1A6D-4A1C-8513-3CF71A6B98B2}.Debug|Win32.Build.0 = Debug|Win32
		{9ABF7736-1A6D-4A1C-8513-3CF71A6B98B2}.Release|Win32.ActiveCfg = Release|Win32
		{9ABF7736-1A6D-4A1C-8513-3CF71A6B98B2}.Release|Win32.Build.0 = Release|Win32
	EndGlobalSection
	GlobalSection(SolutionProperties) = preSolution
		HideSolutionNode = FALSE
	EndGlobalSection
EndGlobal
